
Microsoft Visual Studio Solution File, Format Version 12.00
# Visual Studio Version 17
VisualStudioVersion = 17.0.31903.59
MinimumVisualStudioVersion = 10.0.40219.1
Project("{2150E333-8FDC-42A3-9474-1A3956D46DE8}") = "src", "src", "{827E0CD3-B72D-47B6-A68D-7590B98EB39B}"
EndProject
Project("{FAE04EC0-301F-11D3-BF4B-00C04F79EFBC}") = "SiyeFlow.Core", "src\SiyeFlow.Core\SiyeFlow.Core.csproj", "{8448A9DB-0470-4375-ACB6-3B0C399DECD7}"
EndProject
Project("{FAE04EC0-301F-11D3-BF4B-00C04F79EFBC}") = "SiyeFlow.UI", "src\SiyeFlow.UI\SiyeFlow.UI.csproj", "{EBA62196-AD6B-46BD-894F-FCBC308231A2}"
EndProject
Project("{FAE04EC0-301F-11D3-BF4B-00C04F79EFBC}") = "SiyeFlow.CLI", "src\SiyeFlow.CLI\SiyeFlow.CLI.csproj", "{2CA8CF4C-C598-4BEC-BF95-AD5B051A3D75}"
EndProject
Project("{FAE04EC0-301F-11D3-BF4B-00C04F79EFBC}") = "SiyeFlow.TestApi", "demo\api1\SiyeFlow.TestApi.csproj", "{61F474DD-630E-4882-B7F5-FCA8FC5DFD3F}"
EndProject
Project("{FAE04EC0-301F-11D3-BF4B-00C04F79EFBC}") = "SiyeFlow.Core.TypeGen", "src\SiyeFlow.Core.TypeGen\SiyeFlow.Core.TypeGen.csproj", "{7B8B59C4-47A5-4CF9-A3B0-E5C8D2F3B342}"
EndProject
Global
	GlobalSection(SolutionConfigurationPlatforms) = preSolution
		Debug|Any CPU = Debug|Any CPU
		Debug|x64 = Debug|x64
		Debug|x86 = Debug|x86
		Release|Any CPU = Release|Any CPU
		Release|x64 = Release|x64
		Release|x86 = Release|x86
	EndGlobalSection
	GlobalSection(ProjectConfigurationPlatforms) = postSolution
		{8448A9DB-0470-4375-ACB6-3B0C399DECD7}.Debug|Any CPU.ActiveCfg = Debug|Any CPU
		{8448A9DB-0470-4375-ACB6-3B0C399DECD7}.Debug|Any CPU.Build.0 = Debug|Any CPU
		{8448A9DB-0470-4375-ACB6-3B0C399DECD7}.Debug|x64.ActiveCfg = Debug|Any CPU
		{8448A9DB-0470-4375-ACB6-3B0C399DECD7}.Debug|x64.Build.0 = Debug|Any CPU
		{8448A9DB-0470-4375-ACB6-3B0C399DECD7}.Debug|x86.ActiveCfg = Debug|Any CPU
		{8448A9DB-0470-4375-ACB6-3B0C399DECD7}.Debug|x86.Build.0 = Debug|Any CPU
		{8448A9DB-0470-4375-ACB6-3B0C399DECD7}.Release|Any CPU.ActiveCfg = Release|Any CPU
		{8448A9DB-0470-4375-ACB6-3B0C399DECD7}.Release|Any CPU.Build.0 = Release|Any CPU
		{8448A9DB-0470-4375-ACB6-3B0C399DECD7}.Release|x64.ActiveCfg = Release|Any CPU
		{8448A9DB-0470-4375-ACB6-3B0C399DECD7}.Release|x64.Build.0 = Release|Any CPU
		{8448A9DB-0470-4375-ACB6-3B0C399DECD7}.Release|x86.ActiveCfg = Release|Any CPU
		{8448A9DB-0470-4375-ACB6-3B0C399DECD7}.Release|x86.Build.0 = Release|Any CPU
		{EBA62196-AD6B-46BD-894F-FCBC308231A2}.Debug|Any CPU.ActiveCfg = Debug|Any CPU
		{EBA62196-AD6B-46BD-894F-FCBC308231A2}.Debug|Any CPU.Build.0 = Debug|Any CPU
		{EBA62196-AD6B-46BD-894F-FCBC308231A2}.Debug|x64.ActiveCfg = Debug|Any CPU
		{EBA62196-AD6B-46BD-894F-FCBC308231A2}.Debug|x64.Build.0 = Debug|Any CPU
		{EBA62196-AD6B-46BD-894F-FCBC308231A2}.Debug|x86.ActiveCfg = Debug|Any CPU
		{EBA62196-AD6B-46BD-894F-FCBC308231A2}.Debug|x86.Build.0 = Debug|Any CPU
		{EBA62196-AD6B-46BD-894F-FCBC308231A2}.Release|Any CPU.ActiveCfg = Release|Any CPU
		{EBA62196-AD6B-46BD-894F-FCBC308231A2}.Release|Any CPU.Build.0 = Release|Any CPU
		{EBA62196-AD6B-46BD-894F-FCBC308231A2}.Release|x64.ActiveCfg = Release|Any CPU
		{EBA62196-AD6B-46BD-894F-FCBC308231A2}.Release|x64.Build.0 = Release|Any CPU
		{EBA62196-AD6B-46BD-894F-FCBC308231A2}.Release|x86.ActiveCfg = Release|Any CPU
		{EBA62196-AD6B-46BD-894F-FCBC308231A2}.Release|x86.Build.0 = Release|Any CPU
		{2CA8CF4C-C598-4BEC-BF95-AD5B051A3D75}.Debug|Any CPU.ActiveCfg = Debug|Any CPU
		{2CA8CF4C-C598-4BEC-BF95-AD5B051A3D75}.Debug|Any CPU.Build.0 = Debug|Any CPU
		{2CA8CF4C-C598-4BEC-BF95-AD5B051A3D75}.Debug|x64.ActiveCfg = Debug|Any CPU
		{2CA8CF4C-C598-4BEC-BF95-AD5B051A3D75}.Debug|x64.Build.0 = Debug|Any CPU
		{2CA8CF4C-C598-4BEC-BF95-AD5B051A3D75}.Debug|x86.ActiveCfg = Debug|Any CPU
		{2CA8CF4C-C598-4BEC-BF95-AD5B051A3D75}.Debug|x86.Build.0 = Debug|Any CPU
		{2CA8CF4C-C598-4BEC-BF95-AD5B051A3D75}.Release|Any CPU.ActiveCfg = Release|Any CPU
		{2CA8CF4C-C598-4BEC-BF95-AD5B051A3D75}.Release|Any CPU.Build.0 = Release|Any CPU
		{2CA8CF4C-C598-4BEC-BF95-AD5B051A3D75}.Release|x64.ActiveCfg = Release|Any CPU
		{2CA8CF4C-C598-4BEC-BF95-AD5B051A3D75}.Release|x64.Build.0 = Release|Any CPU
		{2CA8CF4C-C598-4BEC-BF95-AD5B051A3D75}.Release|x86.ActiveCfg = Release|Any CPU
		{2CA8CF4C-C598-4BEC-BF95-AD5B051A3D75}.Release|x86.Build.0 = Release|Any CPU
		{61F474DD-630E-4882-B7F5-FCA8FC5DFD3F}.Debug|Any CPU.ActiveCfg = Debug|Any CPU
		{61F474DD-630E-4882-B7F5-FCA8FC5DFD3F}.Debug|Any CPU.Build.0 = Debug|Any CPU
		{61F474DD-630E-4882-B7F5-FCA8FC5DFD3F}.Debug|x64.ActiveCfg = Debug|Any CPU
		{61F474DD-630E-4882-B7F5-FCA8FC5DFD3F}.Debug|x64.Build.0 = Debug|Any CPU
		{61F474DD-630E-4882-B7F5-FCA8FC5DFD3F}.Debug|x86.ActiveCfg = Debug|Any CPU
		{61F474DD-630E-4882-B7F5-FCA8FC5DFD3F}.Debug|x86.Build.0 = Debug|Any CPU
		{61F474DD-630E-4882-B7F5-FCA8FC5DFD3F}.Release|Any CPU.ActiveCfg = Release|Any CPU
		{61F474DD-630E-4882-B7F5-FCA8FC5DFD3F}.Release|Any CPU.Build.0 = Release|Any CPU
		{61F474DD-630E-4882-B7F5-FCA8FC5DFD3F}.Release|x64.ActiveCfg = Release|Any CPU
		{61F474DD-630E-4882-B7F5-FCA8FC5DFD3F}.Release|x64.Build.0 = Release|Any CPU
		{61F474DD-630E-4882-B7F5-FCA8FC5DFD3F}.Release|x86.ActiveCfg = Release|Any CPU
		{61F474DD-630E-4882-B7F5-FCA8FC5DFD3F}.Release|x86.Build.0 = Release|Any CPU
		{7B8B59C4-47A5-4CF9-A3B0-E5C8D2F3B342}.Debug|Any CPU.ActiveCfg = Debug|Any CPU
		{7B8B59C4-47A5-4CF9-A3B0-E5C8D2F3B342}.Debug|Any CPU.Build.0 = Debug|Any CPU
		{7B8B59C4-47A5-4CF9-A3B0-E5C8D2F3B342}.Debug|x64.ActiveCfg = Debug|Any CPU
		{7B8B59C4-47A5-4CF9-A3B0-E5C8D2F3B342}.Debug|x64.Build.0 = Debug|Any CPU
		{7B8B59C4-47A5-4CF9-A3B0-E5C8D2F3B342}.Debug|x86.ActiveCfg = Debug|Any CPU
		{7B8B59C4-47A5-4CF9-A3B0-E5C8D2F3B342}.Debug|x86.Build.0 = Debug|Any CPU
		{7B8B59C4-47A5-4CF9-A3B0-E5C8D2F3B342}.Release|Any CPU.ActiveCfg = Release|Any CPU
		{7B8B59C4-47A5-4CF9-A3B0-E5C8D2F3B342}.Release|Any CPU.Build.0 = Release|Any CPU
		{7B8B59C4-47A5-4CF9-A3B0-E5C8D2F3B342}.Release|x64.ActiveCfg = Release|Any CPU
		{7B8B59C4-47A5-4CF9-A3B0-E5C8D2F3B342}.Release|x64.Build.0 = Release|Any CPU
		{7B8B59C4-47A5-4CF9-A3B0-E5C8D2F3B342}.Release|x86.ActiveCfg = Release|Any CPU
		{7B8B59C4-47A5-4CF9-A3B0-E5C8D2F3B342}.Release|x86.Build.0 = Release|Any CPU
	EndGlobalSection
	GlobalSection(SolutionProperties) = preSolution
		HideSolutionNode = FALSE
	EndGlobalSection
	GlobalSection(NestedProjects) = preSolution
		{8448A9DB-0470-4375-ACB6-3B0C399DECD7} = {827E0CD3-B72D-47B6-A68D-7590B98EB39B}
		{EBA62196-AD6B-46BD-894F-FCBC308231A2} = {827E0CD3-B72D-47B6-A68D-7590B98EB39B}
		{2CA8CF4C-C598-4BEC-BF95-AD5B051A3D75} = {827E0CD3-B72D-47B6-A68D-7590B98EB39B}
		{61F474DD-630E-4882-B7F5-FCA8FC5DFD3F} = {827E0CD3-B72D-47B6-A68D-7590B98EB39B}
		{7B8B59C4-47A5-4CF9-A3B0-E5C8D2F3B342} = {827E0CD3-B72D-47B6-A68D-7590B98EB39B}
	EndGlobalSection
EndGlobal
